
Microsoft Visual Studio Solution File, Format Version 12.00
# Visual Studio Version 17
VisualStudioVersion = 17.2.32616.157
MinimumVisualStudioVersion = 10.0.40219.1
Project("{6EC3EE1D-3C4E-46DD-8F32-0CC8E7565705}") = "fsharp", "src\fsharp\fsharp.fsproj", "{404381D6-8062-480A-B923-1043F2AC3C4F}"
EndProject
Project("{2150E333-8FDC-42A3-9474-1A3956D46DE8}") = "src", "src", "{CA914EB7-54C4-4C26-9B6C-47C3431FB3D2}"
EndProject
Project("{2150E333-8FDC-42A3-9474-1A3956D46DE8}") = "test", "test", "{BBBBA036-05DF-421C-ACCE-113A16DCC841}"
EndProject
Project("{FAE04EC0-301F-11D3-BF4B-00C04F79EFBC}") = "fsharp.tests", "test\fsharp.tests\fsharp.tests.csproj", "{7EAD8991-9144-401F-87A4-02C54D6CE4E3}"
EndProject
Global
	GlobalSection(SolutionConfigurationPlatforms) = preSolution
		Debug|Any CPU = Debug|Any CPU
		Release|Any CPU = Release|Any CPU
	EndGlobalSection
	GlobalSection(ProjectConfigurationPlatforms) = postSolution
		{404381D6-8062-480A-B923-1043F2AC3C4F}.Debug|Any CPU.ActiveCfg = Debug|Any CPU
		{404381D6-8062-480A-B923-1043F2AC3C4F}.Debug|Any CPU.Build.0 = Debug|Any CPU
		{404381D6-8062-480A-B923-1043F2AC3C4F}.Release|Any CPU.ActiveCfg = Release|Any CPU
		{404381D6-8062-480A-B923-1043F2AC3C4F}.Release|Any CPU.Build.0 = Release|Any CPU
		{7EAD8991-9144-401F-87A4-02C54D6CE4E3}.Debug|Any CPU.ActiveCfg = Debug|Any CPU
		{7EAD8991-9144-401F-87A4-02C54D6CE4E3}.Debug|Any CPU.Build.0 = Debug|Any CPU
		{7EAD8991-9144-401F-87A4-02C54D6CE4E3}.Release|Any CPU.ActiveCfg = Release|Any CPU
		{7EAD8991-9144-401F-87A4-02C54D6CE4E3}.Release|Any CPU.Build.0 = Release|Any CPU
	EndGlobalSection
	GlobalSection(SolutionProperties) = preSolution
		HideSolutionNode = FALSE
	EndGlobalSection
	GlobalSection(NestedProjects) = preSolution
		{404381D6-8062-480A-B923-1043F2AC3C4F} = {CA914EB7-54C4-4C26-9B6C-47C3431FB3D2}
		{7EAD8991-9144-401F-87A4-02C54D6CE4E3} = {BBBBA036-05DF-421C-ACCE-113A16DCC841}
	EndGlobalSection
	GlobalSection(ExtensibilityGlobals) = postSolution
		SolutionGuid = {225044D6-2EF5-4421-B1F7-D45DE64B5285}
	EndGlobalSection
EndGlobal
