
Microsoft Visual Studio Solution File, Format Version 12.00
# Visual Studio Version 16
VisualStudioVersion = 16.0.30114.105
MinimumVisualStudioVersion = 10.0.40219.1
Project("{2150E333-8FDC-42A3-9474-1A3956D46DE8}") = "src", "src", "{F6AAF9AF-EA74-4031-A7BD-3FD54146A8EC}"
EndProject
Project("{FAE04EC0-301F-11D3-BF4B-00C04F79EFBC}") = "csharp", "src\csharp.csproj", "{F43301CC-A430-4F50-98FB-4D24ADBE101F}"
EndProject
Project("{2150E333-8FDC-42A3-9474-1A3956D46DE8}") = "test", "test", "{E194200E-2A54-4BB8-8158-D5623092C51A}"
EndProject
Project("{FAE04EC0-301F-11D3-BF4B-00C04F79EFBC}") = "csharp.tests", "test\csharp.tests.csproj", "{1753E420-22F7-43DC-AB08-30F1E9FCD38D}"
EndProject
Global
	GlobalSection(SolutionConfigurationPlatforms) = preSolution
		Debug|Any CPU = Debug|Any CPU
		Release|Any CPU = Release|Any CPU
	EndGlobalSection
	GlobalSection(SolutionProperties) = preSolution
		HideSolutionNode = FALSE
	EndGlobalSection
	GlobalSection(ProjectConfigurationPlatforms) = postSolution
		{F43301CC-A430-4F50-98FB-4D24ADBE101F}.Debug|Any CPU.ActiveCfg = Debug|Any CPU
		{F43301CC-A430-4F50-98FB-4D24ADBE101F}.Debug|Any CPU.Build.0 = Debug|Any CPU
		{F43301CC-A430-4F50-98FB-4D24ADBE101F}.Release|Any CPU.ActiveCfg = Release|Any CPU
		{F43301CC-A430-4F50-98FB-4D24ADBE101F}.Release|Any CPU.Build.0 = Release|Any CPU
		{1753E420-22F7-43DC-AB08-30F1E9FCD38D}.Debug|Any CPU.ActiveCfg = Debug|Any CPU
		{1753E420-22F7-43DC-AB08-30F1E9FCD38D}.Debug|Any CPU.Build.0 = Debug|Any CPU
		{1753E420-22F7-43DC-AB08-30F1E9FCD38D}.Release|Any CPU.ActiveCfg = Release|Any CPU
		{1753E420-22F7-43DC-AB08-30F1E9FCD38D}.Release|Any CPU.Build.0 = Release|Any CPU
	EndGlobalSection
	GlobalSection(NestedProjects) = preSolution
		{F43301CC-A430-4F50-98FB-4D24ADBE101F} = {F6AAF9AF-EA74-4031-A7BD-3FD54146A8EC}
		{1753E420-22F7-43DC-AB08-30F1E9FCD38D} = {E194200E-2A54-4BB8-8158-D5623092C51A}
	EndGlobalSection
EndGlobal
