
Microsoft Visual Studio Solution File, Format Version 12.00
# Visual Studio Version 17
VisualStudioVersion = 17.2.32616.157
MinimumVisualStudioVersion = 10.0.40219.1
Project("{F2A71F9B-5D33-465A-A702-920D77279786}") = "fsharp", "fsharp\fsharp.fsproj", "{404381D6-8062-480A-B923-1043F2AC3C4F}"
EndProject
Global
	GlobalSection(SolutionConfigurationPlatforms) = preSolution
		Debug|Any CPU = Debug|Any CPU
		Release|Any CPU = Release|Any CPU
	EndGlobalSection
	GlobalSection(ProjectConfigurationPlatforms) = postSolution
		{404381D6-8062-480A-B923-1043F2AC3C4F}.Debug|Any CPU.ActiveCfg = Debug|Any CPU
		{404381D6-8062-480A-B923-1043F2AC3C4F}.Debug|Any CPU.Build.0 = Debug|Any CPU
		{404381D6-8062-480A-B923-1043F2AC3C4F}.Release|Any CPU.ActiveCfg = Release|Any CPU
		{404381D6-8062-480A-B923-1043F2AC3C4F}.Release|Any CPU.Build.0 = Release|Any CPU
	EndGlobalSection
	GlobalSection(SolutionProperties) = preSolution
		HideSolutionNode = FALSE
	EndGlobalSection
	GlobalSection(ExtensibilityGlobals) = postSolution
		SolutionGuid = {225044D6-2EF5-4421-B1F7-D45DE64B5285}
	EndGlobalSection
EndGlobal
