
Microsoft Visual Studio Solution File, Format Version 12.00
# Visual Studio Version 16
VisualStudioVersion = 16.0.30114.105
MinimumVisualStudioVersion = 10.0.40219.1
Project("{2150E333-8FDC-42A3-9474-1A3956D46DE8}") = "src", "src", "{20445D92-D7C6-440D-A628-D6056E1F4514}"
EndProject
Project("{F2A71F9B-5D33-465A-A702-920D77279786}") = "fsharp", "src\fsharp.fsproj", "{7F68E22C-07DF-482C-BE96-1AAB68371F30}"
EndProject
Project("{2150E333-8FDC-42A3-9474-1A3956D46DE8}") = "test", "test", "{D9CE23F6-72B2-47DC-B09D-A0C800701391}"
EndProject
Project("{FAE04EC0-301F-11D3-BF4B-00C04F79EFBC}") = "fsharp.tests", "test\fsharp.tests.csproj", "{36ED8E9C-9131-464C-9906-EC93F2B29AA2}"
EndProject
Global
	GlobalSection(SolutionConfigurationPlatforms) = preSolution
		Debug|Any CPU = Debug|Any CPU
		Release|Any CPU = Release|Any CPU
	EndGlobalSection
	GlobalSection(SolutionProperties) = preSolution
		HideSolutionNode = FALSE
	EndGlobalSection
	GlobalSection(ProjectConfigurationPlatforms) = postSolution
		{7F68E22C-07DF-482C-BE96-1AAB68371F30}.Debug|Any CPU.ActiveCfg = Debug|Any CPU
		{7F68E22C-07DF-482C-BE96-1AAB68371F30}.Debug|Any CPU.Build.0 = Debug|Any CPU
		{7F68E22C-07DF-482C-BE96-1AAB68371F30}.Release|Any CPU.ActiveCfg = Release|Any CPU
		{7F68E22C-07DF-482C-BE96-1AAB68371F30}.Release|Any CPU.Build.0 = Release|Any CPU
		{36ED8E9C-9131-464C-9906-EC93F2B29AA2}.Debug|Any CPU.ActiveCfg = Debug|Any CPU
		{36ED8E9C-9131-464C-9906-EC93F2B29AA2}.Debug|Any CPU.Build.0 = Debug|Any CPU
		{36ED8E9C-9131-464C-9906-EC93F2B29AA2}.Release|Any CPU.ActiveCfg = Release|Any CPU
		{36ED8E9C-9131-464C-9906-EC93F2B29AA2}.Release|Any CPU.Build.0 = Release|Any CPU
	EndGlobalSection
	GlobalSection(NestedProjects) = preSolution
		{7F68E22C-07DF-482C-BE96-1AAB68371F30} = {20445D92-D7C6-440D-A628-D6056E1F4514}
		{36ED8E9C-9131-464C-9906-EC93F2B29AA2} = {D9CE23F6-72B2-47DC-B09D-A0C800701391}
	EndGlobalSection
EndGlobal
