
Microsoft Visual Studio Solution File, Format Version 12.00
# Visual Studio Version 16
VisualStudioVersion = 16.0.30114.105
MinimumVisualStudioVersion = 10.0.40219.1
Project("{2150E333-8FDC-42A3-9474-1A3956D46DE8}") = "src", "src", "{E5D1E695-5039-4BE4-9773-7F69AF294771}"
EndProject
Project("{F2A71F9B-5D33-465A-A702-920D77279786}") = "fsharp", "src\fsharp.fsproj", "{8C2735E0-1882-43EA-A9A4-32F3C4345CD4}"
EndProject
Project("{2150E333-8FDC-42A3-9474-1A3956D46DE8}") = "test", "test", "{AFEEB1D4-12D8-4ECC-93F4-6E6C585680D8}"
EndProject
Project("{FAE04EC0-301F-11D3-BF4B-00C04F79EFBC}") = "fsharp.tests", "test\fsharp.tests.csproj", "{AB75654C-92AE-4D60-AB2C-3FC676590A90}"
EndProject
Global
	GlobalSection(SolutionConfigurationPlatforms) = preSolution
		Debug|Any CPU = Debug|Any CPU
		Release|Any CPU = Release|Any CPU
	EndGlobalSection
	GlobalSection(SolutionProperties) = preSolution
		HideSolutionNode = FALSE
	EndGlobalSection
	GlobalSection(ProjectConfigurationPlatforms) = postSolution
		{8C2735E0-1882-43EA-A9A4-32F3C4345CD4}.Debug|Any CPU.ActiveCfg = Debug|Any CPU
		{8C2735E0-1882-43EA-A9A4-32F3C4345CD4}.Debug|Any CPU.Build.0 = Debug|Any CPU
		{8C2735E0-1882-43EA-A9A4-32F3C4345CD4}.Release|Any CPU.ActiveCfg = Release|Any CPU
		{8C2735E0-1882-43EA-A9A4-32F3C4345CD4}.Release|Any CPU.Build.0 = Release|Any CPU
		{AB75654C-92AE-4D60-AB2C-3FC676590A90}.Debug|Any CPU.ActiveCfg = Debug|Any CPU
		{AB75654C-92AE-4D60-AB2C-3FC676590A90}.Debug|Any CPU.Build.0 = Debug|Any CPU
		{AB75654C-92AE-4D60-AB2C-3FC676590A90}.Release|Any CPU.ActiveCfg = Release|Any CPU
		{AB75654C-92AE-4D60-AB2C-3FC676590A90}.Release|Any CPU.Build.0 = Release|Any CPU
	EndGlobalSection
	GlobalSection(NestedProjects) = preSolution
		{8C2735E0-1882-43EA-A9A4-32F3C4345CD4} = {E5D1E695-5039-4BE4-9773-7F69AF294771}
		{AB75654C-92AE-4D60-AB2C-3FC676590A90} = {AFEEB1D4-12D8-4ECC-93F4-6E6C585680D8}
	EndGlobalSection
EndGlobal
